
Microsoft Visual Studio Solution File, Format Version 12.00
# Visual Studio Version 17
VisualStudioVersion = 17.9.34728.123
MinimumVisualStudioVersion = 10.0.40219.1
Project("{9A19103F-16F7-4668-BE54-9A1E7A4F7556}") = "DataAccess", "DataAccess\DataAccess.csproj", "{C80F6CD3-41C5-49C6-A9C1-072AE80054BD}"
EndProject
Project("{9A19103F-16F7-4668-BE54-9A1E7A4F7556}") = "Business", "Business\Business.csproj", "{1F48EDB9-BD80-4E0F-B2B0-80BC49E264CA}"
EndProject
Project("{9A19103F-16F7-4668-BE54-9A1E7A4F7556}") = "Entities", "Entities\Entities.csproj", "{4D43A260-8E58-4228-BDC6-FB733000B5E8}"
EndProject
Project("{FAE04EC0-301F-11D3-BF4B-00C04F79EFBC}") = "ConsoleUI", "ConsoleUI\ConsoleUI.csproj", "{C29EC15F-BB81-4B93-965A-FA958B2EE4CF}"
EndProject
Global
	GlobalSection(SolutionConfigurationPlatforms) = preSolution
		Debug|Any CPU = Debug|Any CPU
		Release|Any CPU = Release|Any CPU
	EndGlobalSection
	GlobalSection(ProjectConfigurationPlatforms) = postSolution
		{C80F6CD3-41C5-49C6-A9C1-072AE80054BD}.Debug|Any CPU.ActiveCfg = Debug|Any CPU
		{C80F6CD3-41C5-49C6-A9C1-072AE80054BD}.Debug|Any CPU.Build.0 = Debug|Any CPU
		{C80F6CD3-41C5-49C6-A9C1-072AE80054BD}.Release|Any CPU.ActiveCfg = Release|Any CPU
		{C80F6CD3-41C5-49C6-A9C1-072AE80054BD}.Release|Any CPU.Build.0 = Release|Any CPU
		{1F48EDB9-BD80-4E0F-B2B0-80BC49E264CA}.Debug|Any CPU.ActiveCfg = Debug|Any CPU
		{1F48EDB9-BD80-4E0F-B2B0-80BC49E264CA}.Debug|Any CPU.Build.0 = Debug|Any CPU
		{1F48EDB9-BD80-4E0F-B2B0-80BC49E264CA}.Release|Any CPU.ActiveCfg = Release|Any CPU
		{1F48EDB9-BD80-4E0F-B2B0-80BC49E264CA}.Release|Any CPU.Build.0 = Release|Any CPU
		{4D43A260-8E58-4228-BDC6-FB733000B5E8}.Debug|Any CPU.ActiveCfg = Debug|Any CPU
		{4D43A260-8E58-4228-BDC6-FB733000B5E8}.Debug|Any CPU.Build.0 = Debug|Any CPU
		{4D43A260-8E58-4228-BDC6-FB733000B5E8}.Release|Any CPU.ActiveCfg = Release|Any CPU
		{4D43A260-8E58-4228-BDC6-FB733000B5E8}.Release|Any CPU.Build.0 = Release|Any CPU
		{C29EC15F-BB81-4B93-965A-FA958B2EE4CF}.Debug|Any CPU.ActiveCfg = Debug|Any CPU
		{C29EC15F-BB81-4B93-965A-FA958B2EE4CF}.Debug|Any CPU.Build.0 = Debug|Any CPU
		{C29EC15F-BB81-4B93-965A-FA958B2EE4CF}.Release|Any CPU.ActiveCfg = Release|Any CPU
		{C29EC15F-BB81-4B93-965A-FA958B2EE4CF}.Release|Any CPU.Build.0 = Release|Any CPU
	EndGlobalSection
	GlobalSection(SolutionProperties) = preSolution
		HideSolutionNode = FALSE
	EndGlobalSection
	GlobalSection(ExtensibilityGlobals) = postSolution
		SolutionGuid = {8D0FE275-00B1-44E1-AFF2-9BB11EFBE3FC}
	EndGlobalSection
EndGlobal
